{
  "version": "5",
  "redirects": {
    "https://esm.sh/@supabase/supabase-js@2": "https://esm.sh/@supabase/supabase-js@2.116.0",
    "https://esm.sh/iceberg-js@^0.8.1?target=denonext": "https://esm.sh/iceberg-js@0.8.1?target=denonext"
  },
  "remote": {
    "https://esm.sh/@supabase/auth-js@2.116.0/denonext/auth-js.mjs": "c499313c350b5bc7c66f5a529a44bb98b16bcb4f5e42dcfbc0d71b3387c2f8db",
    "https://esm.sh/@supabase/functions-js@2.116.0/denonext/functions-js.mjs": "b4563dfbefd52b36879757f8aee5adbeb8e57001672affcf09aea692842325c2",
    "https://esm.sh/@supabase/phoenix@0.4.5/denonext/phoenix.mjs": "40bd2a70829cd847848baac58e635bacd83fd62188f6624b44e2c295341004eb",
    "https://esm.sh/@supabase/postgrest-js@2.116.0/denonext/postgrest-js.mjs": "8bcbe926ba450fe3b584f659a84cd62b43298b8ab7113b4f68389cb8630e876f",
    "https://esm.sh/@supabase/realtime-js@2.116.0/denonext/realtime-js.mjs": "c2aaa735183dcb94c62b43dfcb0c9e30ea1fd4c02ff16d77352a268ef5b3b897",
    "https://esm.sh/@supabase/storage-js@2.116.0/denonext/storage-js.mjs": "9f9f67c3c6087ab28280eb378525665043658b157102d272026f294447bac8c0",
    "https://esm.sh/@supabase/supabase-js@2.116.0": "a38014743786a06c7dbf095a99e9ef3b38c0ec16bff076fc7cd403991192b34e",
    "https://esm.sh/@supabase/supabase-js@2.116.0/denonext/dist/tracingRegistry.mjs": "0e1396a312a355c347c21e408cdf70f0dbf24fa0f1cd0211898bbdb8b97d4b31",
    "https://esm.sh/@supabase/supabase-js@2.116.0/denonext/supabase-js.mjs": "8ff7741567ff920877cbc944d0bfed51135fcc0597fdddbfd57033e3a2390ebe",
    "https://esm.sh/iceberg-js@0.8.1/denonext/iceberg-js.mjs": "d839d81a2e3966500ca2cdd0c1cb458e9608bacfc91f7bb67a69b2e878dcdb4f",
    "https://esm.sh/iceberg-js@0.8.1?target=denonext": "58c849d7fe2bf4eca4a84eb501e83c161a7d8c34ca1bec15a962b3bec3062633",
    "https://esm.sh/tslib@2.8.1/denonext/tslib.mjs": "c38da5dd6da6281964435002ce204cd586634fe3bdfb24a0ee116f48cf3292e9"
  },
  "workspace": {
    "packageJson": {
      "dependencies": [
        "npm:@types/node@22",
        "npm:@types/react@~19.2.2",
        "npm:typescript@~6.0.3"
      ]
    },
    "members": {
      "apps/mobile": {
        "packageJson": {
          "dependencies": [
            "npm:@dolpin/api-client@0.1.0",
            "npm:@dolpin/contracts@0.1.0",
            "npm:@expo/vector-icons@^15.0.2",
            "npm:@hookform/resolvers@5",
            "npm:@supabase/supabase-js@2.116.0",
            "npm:@tanstack/react-query@5.102.8",
            "npm:expo-constants@~57.0.17",
            "npm:expo-crypto@~57.0.2",
            "npm:expo-image-picker@~57.0.16",
            "npm:expo-linking@~57.0.9",
            "npm:expo-router@~57.0.20",
            "npm:expo-secure-store@~57.0.3",
            "npm:expo-status-bar@~57.0.1",
            "npm:expo-web-browser@~57.0.2",
            "npm:expo@~57.0.21",
            "npm:react-dom@19.2.3",
            "npm:react-hook-form@7",
            "npm:react-native-safe-area-context@5.7",
            "npm:react-native-screens@4.26",
            "npm:react-native-web@0.21",
            "npm:react-native@0.86.3",
            "npm:react@19.2.3",
            "npm:zod@4.5.4",
            "npm:zustand@5.0.15"
          ]
        }
      },
      "apps/web": {
        "packageJson": {
          "dependencies": [
            "npm:@dolpin/api-client@0.1.0",
            "npm:@dolpin/contracts@0.1.0",
            "npm:@hookform/resolvers@5",
            "npm:@supabase/supabase-js@2.116.0",
            "npm:@tailwindcss/postcss@4",
            "npm:@tanstack/react-query@5.102.8",
            "npm:@tosspayments/tosspayments-sdk@^2.8.1",
            "npm:@types/react-dom@^19.2.0",
            "npm:class-variance-authority@~0.7.1",
            "npm:clsx@^2.1.1",
            "npm:lucide-react@0.577",
            "npm:next@16.3.4",
            "npm:radix-ui@^1.4.3",
            "npm:react-dom@19.2.3",
            "npm:react-hook-form@7",
            "npm:react@19.2.3",
            "npm:tailwind-merge@3",
            "npm:tailwindcss@4",
            "npm:zod@4.5.4",
            "npm:zustand@5.0.15"
          ]
        }
      },
      "packages/api-client": {
        "packageJson": {
          "dependencies": [
            "npm:@dolpin/contracts@0.1.0",
            "npm:@supabase/supabase-js@2.116.0"
          ]
        }
      },
      "packages/contracts": {
        "packageJson": {
          "dependencies": [
            "npm:zod@4.5.4"
          ]
        }
      }
    }
  }
}
